
Microsoft Visual Studio Solution File, Format Version 12.00
# Visual Studio Version 17
VisualStudioVersion = 17.0.31919.166
MinimumVisualStudioVersion = 10.0.40219.1
Project("{FAE04EC0-301F-11D3-BF4B-00C04F79EFBC}") = "Lygciu lyginimas", "Lygciu lyginimas\Lygciu lyginimas.csproj", "{04971206-DEB4-4B3E-A7E5-A5C5EAABB303}"
EndProject
Global
	GlobalSection(SolutionConfigurationPlatforms) = preSolution
		Debug|Any CPU = Debug|Any CPU
		Release|Any CPU = Release|Any CPU
	EndGlobalSection
	GlobalSection(ProjectConfigurationPlatforms) = postSolution
		{04971206-DEB4-4B3E-A7E5-A5C5EAABB303}.Debug|Any CPU.ActiveCfg = Debug|Any CPU
		{04971206-DEB4-4B3E-A7E5-A5C5EAABB303}.Debug|Any CPU.Build.0 = Debug|Any CPU
		{04971206-DEB4-4B3E-A7E5-A5C5EAABB303}.Release|Any CPU.ActiveCfg = Release|Any CPU
		{04971206-DEB4-4B3E-A7E5-A5C5EAABB303}.Release|Any CPU.Build.0 = Release|Any CPU
	EndGlobalSection
	GlobalSection(SolutionProperties) = preSolution
		HideSolutionNode = FALSE
	EndGlobalSection
	GlobalSection(ExtensibilityGlobals) = postSolution
		SolutionGuid = {7B62A514-95A6-4B1F-A4C6-ECA0F520335F}
	EndGlobalSection
EndGlobal
